
Microsoft Visual Studio Solution File, Format Version 12.00
# Visual Studio Version 17
VisualStudioVersion = 17.7.34221.43
MinimumVisualStudioVersion = 10.0.40219.1
Project("{8BC9CEB8-8B4A-11D0-8D11-00A0C91BC942}") = "day1", "day1\day1.vcxproj", "{35580254-E31C-4752-83EB-E815EE46828A}"
EndProject
Project("{8BC9CEB8-8B4A-11D0-8D11-00A0C91BC942}") = "day2", "day2\day2.vcxproj", "{63B1C3B5-EFA7-4CD8-ADE3-AF661BD92DF7}"
EndProject
Project("{8BC9CEB8-8B4A-11D0-8D11-00A0C91BC942}") = "shared", "shared\shared.vcxproj", "{8346510D-4E50-4C9E-887C-B9C69183E78F}"
EndProject
Project("{8BC9CEB8-8B4A-11D0-8D11-00A0C91BC942}") = "day3", "day3\day3.vcxproj", "{511E2406-46E7-4286-B2EE-7CE3BA00FAE4}"
EndProject
Project("{8BC9CEB8-8B4A-11D0-8D11-00A0C91BC942}") = "day4", "day4\day4.vcxproj", "{20397293-8C4B-49D2-B5ED-2E66709347DD}"
EndProject
Project("{8BC9CEB8-8B4A-11D0-8D11-00A0C91BC942}") = "day5", "day5\day5.vcxproj", "{CA28A24C-341D-4D7B-8F31-CC8282201AB9}"
EndProject
Project("{8BC9CEB8-8B4A-11D0-8D11-00A0C91BC942}") = "day6", "day6\day6.vcxproj", "{40E9849F-F330-4351-A98F-7D6DF84B6104}"
EndProject
Project("{8BC9CEB8-8B4A-11D0-8D11-00A0C91BC942}") = "day7", "day7\day7.vcxproj", "{DB771DB8-EB54-4494-8955-BE1E7510F652}"
EndProject
Project("{8BC9CEB8-8B4A-11D0-8D11-00A0C91BC942}") = "day8", "day8\day8.vcxproj", "{69490733-544A-423E-A15B-B7B6FA1C91E2}"
EndProject
Project("{8BC9CEB8-8B4A-11D0-8D11-00A0C91BC942}") = "day9", "day9\day9.vcxproj", "{81B8888E-77C7-44CE-8A54-512365F910D9}"
EndProject
Project("{8BC9CEB8-8B4A-11D0-8D11-00A0C91BC942}") = "day10", "day10\day10.vcxproj", "{461BAEF7-F496-4F08-B008-30062EAD9E19}"
EndProject
Project("{8BC9CEB8-8B4A-11D0-8D11-00A0C91BC942}") = "day11", "day11\day11.vcxproj", "{19523906-CCB8-4DDC-B2BC-262D1744605C}"
EndProject
Project("{8BC9CEB8-8B4A-11D0-8D11-00A0C91BC942}") = "day12", "day12\day12.vcxproj", "{DD84B012-CCF3-410C-92F3-F20B3D28682A}"
EndProject
Project("{8BC9CEB8-8B4A-11D0-8D11-00A0C91BC942}") = "day13", "day13\day13.vcxproj", "{A5E999CB-A528-4645-9563-66AB5528C6A8}"
EndProject
Project("{8BC9CEB8-8B4A-11D0-8D11-00A0C91BC942}") = "day14", "day14\day14.vcxproj", "{24929FC6-8BDE-49D1-8087-38703450EA29}"
EndProject
Project("{8BC9CEB8-8B4A-11D0-8D11-00A0C91BC942}") = "day15", "day15\day15.vcxproj", "{EEA74798-6E87-4E7D-A590-19A15414D734}"
EndProject
Project("{8BC9CEB8-8B4A-11D0-8D11-00A0C91BC942}") = "day16", "day16\day16.vcxproj", "{93FBEB14-9832-43BD-9A94-9F1CA52F1015}"
EndProject
Project("{8BC9CEB8-8B4A-11D0-8D11-00A0C91BC942}") = "day17", "day17\day17.vcxproj", "{0F99BC37-C41D-43FC-8CD1-9C9B6CCAFD86}"
EndProject
Project("{8BC9CEB8-8B4A-11D0-8D11-00A0C91BC942}") = "day18", "day18\day18.vcxproj", "{756B2CCC-4F79-4416-B847-12000B55E643}"
EndProject
Global
	GlobalSection(SolutionConfigurationPlatforms) = preSolution
		Debug|x64 = Debug|x64
		Debug|x86 = Debug|x86
		Release|x64 = Release|x64
		Release|x86 = Release|x86
	EndGlobalSection
	GlobalSection(ProjectConfigurationPlatforms) = postSolution
		{35580254-E31C-4752-83EB-E815EE46828A}.Debug|x64.ActiveCfg = Debug|x64
		{35580254-E31C-4752-83EB-E815EE46828A}.Debug|x64.Build.0 = Debug|x64
		{35580254-E31C-4752-83EB-E815EE46828A}.Debug|x86.ActiveCfg = Debug|Win32
		{35580254-E31C-4752-83EB-E815EE46828A}.Debug|x86.Build.0 = Debug|Win32
		{35580254-E31C-4752-83EB-E815EE46828A}.Release|x64.ActiveCfg = Release|x64
		{35580254-E31C-4752-83EB-E815EE46828A}.Release|x64.Build.0 = Release|x64
		{35580254-E31C-4752-83EB-E815EE46828A}.Release|x86.ActiveCfg = Release|Win32
		{35580254-E31C-4752-83EB-E815EE46828A}.Release|x86.Build.0 = Release|Win32
		{63B1C3B5-EFA7-4CD8-ADE3-AF661BD92DF7}.Debug|x64.ActiveCfg = Debug|x64
		{63B1C3B5-EFA7-4CD8-ADE3-AF661BD92DF7}.Debug|x64.Build.0 = Debug|x64
		{63B1C3B5-EFA7-4CD8-ADE3-AF661BD92DF7}.Debug|x86.ActiveCfg = Debug|Win32
		{63B1C3B5-EFA7-4CD8-ADE3-AF661BD92DF7}.Debug|x86.Build.0 = Debug|Win32
		{63B1C3B5-EFA7-4CD8-ADE3-AF661BD92DF7}.Release|x64.ActiveCfg = Release|x64
		{63B1C3B5-EFA7-4CD8-ADE3-AF661BD92DF7}.Release|x64.Build.0 = Release|x64
		{63B1C3B5-EFA7-4CD8-ADE3-AF661BD92DF7}.Release|x86.ActiveCfg = Release|Win32
		{63B1C3B5-EFA7-4CD8-ADE3-AF661BD92DF7}.Release|x86.Build.0 = Release|Win32
		{8346510D-4E50-4C9E-887C-B9C69183E78F}.Debug|x64.ActiveCfg = Debug|x64
		{8346510D-4E50-4C9E-887C-B9C69183E78F}.Debug|x64.Build.0 = Debug|x64
		{8346510D-4E50-4C9E-887C-B9C69183E78F}.Debug|x86.ActiveCfg = Debug|Win32
		{8346510D-4E50-4C9E-887C-B9C69183E78F}.Debug|x86.Build.0 = Debug|Win32
		{8346510D-4E50-4C9E-887C-B9C69183E78F}.Release|x64.ActiveCfg = Release|x64
		{8346510D-4E50-4C9E-887C-B9C69183E78F}.Release|x64.Build.0 = Release|x64
		{8346510D-4E50-4C9E-887C-B9C69183E78F}.Release|x86.ActiveCfg = Release|Win32
		{8346510D-4E50-4C9E-887C-B9C69183E78F}.Release|x86.Build.0 = Release|Win32
		{511E2406-46E7-4286-B2EE-7CE3BA00FAE4}.Debug|x64.ActiveCfg = Debug|x64
		{511E2406-46E7-4286-B2EE-7CE3BA00FAE4}.Debug|x64.Build.0 = Debug|x64
		{511E2406-46E7-4286-B2EE-7CE3BA00FAE4}.Debug|x86.ActiveCfg = Debug|Win32
		{511E2406-46E7-4286-B2EE-7CE3BA00FAE4}.Debug|x86.Build.0 = Debug|Win32
		{511E2406-46E7-4286-B2EE-7CE3BA00FAE4}.Release|x64.ActiveCfg = Release|x64
		{511E2406-46E7-4286-B2EE-7CE3BA00FAE4}.Release|x64.Build.0 = Release|x64
		{511E2406-46E7-4286-B2EE-7CE3BA00FAE4}.Release|x86.ActiveCfg = Release|Win32
		{511E2406-46E7-4286-B2EE-7CE3BA00FAE4}.Release|x86.Build.0 = Release|Win32
		{20397293-8C4B-49D2-B5ED-2E66709347DD}.Debug|x64.ActiveCfg = Debug|x64
		{20397293-8C4B-49D2-B5ED-2E66709347DD}.Debug|x64.Build.0 = Debug|x64
		{20397293-8C4B-49D2-B5ED-2E66709347DD}.Debug|x86.ActiveCfg = Debug|Win32
		{20397293-8C4B-49D2-B5ED-2E66709347DD}.Debug|x86.Build.0 = Debug|Win32
		{20397293-8C4B-49D2-B5ED-2E66709347DD}.Release|x64.ActiveCfg = Release|x64
		{20397293-8C4B-49D2-B5ED-2E66709347DD}.Release|x64.Build.0 = Release|x64
		{20397293-8C4B-49D2-B5ED-2E66709347DD}.Release|x86.ActiveCfg = Release|Win32
		{20397293-8C4B-49D2-B5ED-2E66709347DD}.Release|x86.Build.0 = Release|Win32
		{CA28A24C-341D-4D7B-8F31-CC8282201AB9}.Debug|x64.ActiveCfg = Debug|x64
		{CA28A24C-341D-4D7B-8F31-CC8282201AB9}.Debug|x64.Build.0 = Debug|x64
		{CA28A24C-341D-4D7B-8F31-CC8282201AB9}.Debug|x86.ActiveCfg = Debug|Win32
		{CA28A24C-341D-4D7B-8F31-CC8282201AB9}.Debug|x86.Build.0 = Debug|Win32
		{CA28A24C-341D-4D7B-8F31-CC8282201AB9}.Release|x64.ActiveCfg = Release|x64
		{CA28A24C-341D-4D7B-8F31-CC8282201AB9}.Release|x64.Build.0 = Release|x64
		{CA28A24C-341D-4D7B-8F31-CC8282201AB9}.Release|x86.ActiveCfg = Release|Win32
		{CA28A24C-341D-4D7B-8F31-CC8282201AB9}.Release|x86.Build.0 = Release|Win32
		{40E9849F-F330-4351-A98F-7D6DF84B6104}.Debug|x64.ActiveCfg = Debug|x64
		{40E9849F-F330-4351-A98F-7D6DF84B6104}.Debug|x64.Build.0 = Debug|x64
		{40E9849F-F330-4351-A98F-7D6DF84B6104}.Debug|x86.ActiveCfg = Debug|Win32
		{40E9849F-F330-4351-A98F-7D6DF84B6104}.Debug|x86.Build.0 = Debug|Win32
		{40E9849F-F330-4351-A98F-7D6DF84B6104}.Release|x64.ActiveCfg = Release|x64
		{40E9849F-F330-4351-A98F-7D6DF84B6104}.Release|x64.Build.0 = Release|x64
		{40E9849F-F330-4351-A98F-7D6DF84B6104}.Release|x86.ActiveCfg = Release|Win32
		{40E9849F-F330-4351-A98F-7D6DF84B6104}.Release|x86.Build.0 = Release|Win32
		{DB771DB8-EB54-4494-8955-BE1E7510F652}.Debug|x64.ActiveCfg = Debug|x64
		{DB771DB8-EB54-4494-8955-BE1E7510F652}.Debug|x64.Build.0 = Debug|x64
		{DB771DB8-EB54-4494-8955-BE1E7510F652}.Debug|x86.ActiveCfg = Debug|Win32
		{DB771DB8-EB54-4494-8955-BE1E7510F652}.Debug|x86.Build.0 = Debug|Win32
		{DB771DB8-EB54-4494-8955-BE1E7510F652}.Release|x64.ActiveCfg = Release|x64
		{DB771DB8-EB54-4494-8955-BE1E7510F652}.Release|x64.Build.0 = Release|x64
		{DB771DB8-EB54-4494-8955-BE1E7510F652}.Release|x86.ActiveCfg = Release|Win32
		{DB771DB8-EB54-4494-8955-BE1E7510F652}.Release|x86.Build.0 = Release|Win32
		{69490733-544A-423E-A15B-B7B6FA1C91E2}.Debug|x64.ActiveCfg = Debug|x64
		{69490733-544A-423E-A15B-B7B6FA1C91E2}.Debug|x64.Build.0 = Debug|x64
		{69490733-544A-423E-A15B-B7B6FA1C91E2}.Debug|x86.ActiveCfg = Debug|Win32
		{69490733-544A-423E-A15B-B7B6FA1C91E2}.Debug|x86.Build.0 = Debug|Win32
		{69490733-544A-423E-A15B-B7B6FA1C91E2}.Release|x64.ActiveCfg = Release|x64
		{69490733-544A-423E-A15B-B7B6FA1C91E2}.Release|x64.Build.0 = Release|x64
		{69490733-544A-423E-A15B-B7B6FA1C91E2}.Release|x86.ActiveCfg = Release|Win32
		{69490733-544A-423E-A15B-B7B6FA1C91E2}.Release|x86.Build.0 = Release|Win32
		{81B8888E-77C7-44CE-8A54-512365F910D9}.Debug|x64.ActiveCfg = Debug|x64
		{81B8888E-77C7-44CE-8A54-512365F910D9}.Debug|x64.Build.0 = Debug|x64
		{81B8888E-77C7-44CE-8A54-512365F910D9}.Debug|x86.ActiveCfg = Debug|Win32
		{81B8888E-77C7-44CE-8A54-512365F910D9}.Debug|x86.Build.0 = Debug|Win32
		{81B8888E-77C7-44CE-8A54-512365F910D9}.Release|x64.ActiveCfg = Release|x64
		{81B8888E-77C7-44CE-8A54-512365F910D9}.Release|x64.Build.0 = Release|x64
		{81B8888E-77C7-44CE-8A54-512365F910D9}.Release|x86.ActiveCfg = Release|Win32
		{81B8888E-77C7-44CE-8A54-512365F910D9}.Release|x86.Build.0 = Release|Win32
		{461BAEF7-F496-4F08-B008-30062EAD9E19}.Debug|x64.ActiveCfg = Debug|x64
		{461BAEF7-F496-4F08-B008-30062EAD9E19}.Debug|x64.Build.0 = Debug|x64
		{461BAEF7-F496-4F08-B008-30062EAD9E19}.Debug|x86.ActiveCfg = Debug|Win32
		{461BAEF7-F496-4F08-B008-30062EAD9E19}.Debug|x86.Build.0 = Debug|Win32
		{461BAEF7-F496-4F08-B008-30062EAD9E19}.Release|x64.ActiveCfg = Release|x64
		{461BAEF7-F496-4F08-B008-30062EAD9E19}.Release|x64.Build.0 = Release|x64
		{461BAEF7-F496-4F08-B008-30062EAD9E19}.Release|x86.ActiveCfg = Release|Win32
		{461BAEF7-F496-4F08-B008-30062EAD9E19}.Release|x86.Build.0 = Release|Win32
		{19523906-CCB8-4DDC-B2BC-262D1744605C}.Debug|x64.ActiveCfg = Debug|x64
		{19523906-CCB8-4DDC-B2BC-262D1744605C}.Debug|x64.Build.0 = Debug|x64
		{19523906-CCB8-4DDC-B2BC-262D1744605C}.Debug|x86.ActiveCfg = Debug|Win32
		{19523906-CCB8-4DDC-B2BC-262D1744605C}.Debug|x86.Build.0 = Debug|Win32
		{19523906-CCB8-4DDC-B2BC-262D1744605C}.Release|x64.ActiveCfg = Release|x64
		{19523906-CCB8-4DDC-B2BC-262D1744605C}.Release|x64.Build.0 = Release|x64
		{19523906-CCB8-4DDC-B2BC-262D1744605C}.Release|x86.ActiveCfg = Release|Win32
		{19523906-CCB8-4DDC-B2BC-262D1744605C}.Release|x86.Build.0 = Release|Win32
		{DD84B012-CCF3-410C-92F3-F20B3D28682A}.Debug|x64.ActiveCfg = Debug|x64
		{DD84B012-CCF3-410C-92F3-F20B3D28682A}.Debug|x64.Build.0 = Debug|x64
		{DD84B012-CCF3-410C-92F3-F20B3D28682A}.Debug|x86.ActiveCfg = Debug|Win32
		{DD84B012-CCF3-410C-92F3-F20B3D28682A}.Debug|x86.Build.0 = Debug|Win32
		{DD84B012-CCF3-410C-92F3-F20B3D28682A}.Release|x64.ActiveCfg = Release|x64
		{DD84B012-CCF3-410C-92F3-F20B3D28682A}.Release|x64.Build.0 = Release|x64
		{DD84B012-CCF3-410C-92F3-F20B3D28682A}.Release|x86.ActiveCfg = Release|Win32
		{DD84B012-CCF3-410C-92F3-F20B3D28682A}.Release|x86.Build.0 = Release|Win32
		{A5E999CB-A528-4645-9563-66AB5528C6A8}.Debug|x64.ActiveCfg = Debug|x64
		{A5E999CB-A528-4645-9563-66AB5528C6A8}.Debug|x64.Build.0 = Debug|x64
		{A5E999CB-A528-4645-9563-66AB5528C6A8}.Debug|x86.ActiveCfg = Debug|Win32
		{A5E999CB-A528-4645-9563-66AB5528C6A8}.Debug|x86.Build.0 = Debug|Win32
		{A5E999CB-A528-4645-9563-66AB5528C6A8}.Release|x64.ActiveCfg = Release|x64
		{A5E999CB-A528-4645-9563-66AB5528C6A8}.Release|x64.Build.0 = Release|x64
		{A5E999CB-A528-4645-9563-66AB5528C6A8}.Release|x86.ActiveCfg = Release|Win32
		{A5E999CB-A528-4645-9563-66AB5528C6A8}.Release|x86.Build.0 = Release|Win32
		{24929FC6-8BDE-49D1-8087-38703450EA29}.Debug|x64.ActiveCfg = Debug|x64
		{24929FC6-8BDE-49D1-8087-38703450EA29}.Debug|x64.Build.0 = Debug|x64
		{24929FC6-8BDE-49D1-8087-38703450EA29}.Debug|x86.ActiveCfg = Debug|Win32
		{24929FC6-8BDE-49D1-8087-38703450EA29}.Debug|x86.Build.0 = Debug|Win32
		{24929FC6-8BDE-49D1-8087-38703450EA29}.Release|x64.ActiveCfg = Release|x64
		{24929FC6-8BDE-49D1-8087-38703450EA29}.Release|x64.Build.0 = Release|x64
		{24929FC6-8BDE-49D1-8087-38703450EA29}.Release|x86.ActiveCfg = Release|Win32
		{24929FC6-8BDE-49D1-8087-38703450EA29}.Release|x86.Build.0 = Release|Win32
		{EEA74798-6E87-4E7D-A590-19A15414D734}.Debug|x64.ActiveCfg = Debug|x64
		{EEA74798-6E87-4E7D-A590-19A15414D734}.Debug|x64.Build.0 = Debug|x64
		{EEA74798-6E87-4E7D-A590-19A15414D734}.Debug|x86.ActiveCfg = Debug|Win32
		{EEA74798-6E87-4E7D-A590-19A15414D734}.Debug|x86.Build.0 = Debug|Win32
		{EEA74798-6E87-4E7D-A590-19A15414D734}.Release|x64.ActiveCfg = Release|x64
		{EEA74798-6E87-4E7D-A590-19A15414D734}.Release|x64.Build.0 = Release|x64
		{EEA74798-6E87-4E7D-A590-19A15414D734}.Release|x86.ActiveCfg = Release|Win32
		{EEA74798-6E87-4E7D-A590-19A15414D734}.Release|x86.Build.0 = Release|Win32
		{93FBEB14-9832-43BD-9A94-9F1CA52F1015}.Debug|x64.ActiveCfg = Debug|x64
		{93FBEB14-9832-43BD-9A94-9F1CA52F1015}.Debug|x64.Build.0 = Debug|x64
		{93FBEB14-9832-43BD-9A94-9F1CA52F1015}.Debug|x86.ActiveCfg = Debug|Win32
		{93FBEB14-9832-43BD-9A94-9F1CA52F1015}.Debug|x86.Build.0 = Debug|Win32
		{93FBEB14-9832-43BD-9A94-9F1CA52F1015}.Release|x64.ActiveCfg = Release|x64
		{93FBEB14-9832-43BD-9A94-9F1CA52F1015}.Release|x64.Build.0 = Release|x64
		{93FBEB14-9832-43BD-9A94-9F1CA52F1015}.Release|x86.ActiveCfg = Release|Win32
		{93FBEB14-9832-43BD-9A94-9F1CA52F1015}.Release|x86.Build.0 = Release|Win32
		{0F99BC37-C41D-43FC-8CD1-9C9B6CCAFD86}.Debug|x64.ActiveCfg = Debug|x64
		{0F99BC37-C41D-43FC-8CD1-9C9B6CCAFD86}.Debug|x64.Build.0 = Debug|x64
		{0F99BC37-C41D-43FC-8CD1-9C9B6CCAFD86}.Debug|x86.ActiveCfg = Debug|Win32
		{0F99BC37-C41D-43FC-8CD1-9C9B6CCAFD86}.Debug|x86.Build.0 = Debug|Win32
		{0F99BC37-C41D-43FC-8CD1-9C9B6CCAFD86}.Release|x64.ActiveCfg = Release|x64
		{0F99BC37-C41D-43FC-8CD1-9C9B6CCAFD86}.Release|x64.Build.0 = Release|x64
		{0F99BC37-C41D-43FC-8CD1-9C9B6CCAFD86}.Release|x86.ActiveCfg = Release|Win32
		{0F99BC37-C41D-43FC-8CD1-9C9B6CCAFD86}.Release|x86.Build.0 = Release|Win32
		{756B2CCC-4F79-4416-B847-12000B55E643}.Debug|x64.ActiveCfg = Debug|x64
		{756B2CCC-4F79-4416-B847-12000B55E643}.Debug|x64.Build.0 = Debug|x64
		{756B2CCC-4F79-4416-B847-12000B55E643}.Debug|x86.ActiveCfg = Debug|Win32
		{756B2CCC-4F79-4416-B847-12000B55E643}.Debug|x86.Build.0 = Debug|Win32
		{756B2CCC-4F79-4416-B847-12000B55E643}.Release|x64.ActiveCfg = Release|x64
		{756B2CCC-4F79-4416-B847-12000B55E643}.Release|x64.Build.0 = Release|x64
		{756B2CCC-4F79-4416-B847-12000B55E643}.Release|x86.ActiveCfg = Release|Win32
		{756B2CCC-4F79-4416-B847-12000B55E643}.Release|x86.Build.0 = Release|Win32
	EndGlobalSection
	GlobalSection(SolutionProperties) = preSolution
		HideSolutionNode = FALSE
	EndGlobalSection
	GlobalSection(ExtensibilityGlobals) = postSolution
		SolutionGuid = {AF29604D-C764-442B-A8DB-3330551AD3AA}
	EndGlobalSection
EndGlobal
