
Microsoft Visual Studio Solution File, Format Version 12.00
# Visual Studio Version 17
VisualStudioVersion = 17.7.34221.43
MinimumVisualStudioVersion = 10.0.40219.1
Project("{8BC9CEB8-8B4A-11D0-8D11-00A0C91BC942}") = "day1", "day1\day1.vcxproj", "{35580254-E31C-4752-83EB-E815EE46828A}"
EndProject
Project("{8BC9CEB8-8B4A-11D0-8D11-00A0C91BC942}") = "day2", "day2\day2.vcxproj", "{63B1C3B5-EFA7-4CD8-ADE3-AF661BD92DF7}"
EndProject
Project("{8BC9CEB8-8B4A-11D0-8D11-00A0C91BC942}") = "shared", "shared\shared.vcxproj", "{8346510D-4E50-4C9E-887C-B9C69183E78F}"
EndProject
Project("{8BC9CEB8-8B4A-11D0-8D11-00A0C91BC942}") = "day3", "day3\day3.vcxproj", "{511E2406-46E7-4286-B2EE-7CE3BA00FAE4}"
EndProject
Project("{8BC9CEB8-8B4A-11D0-8D11-00A0C91BC942}") = "day4", "day4\day4.vcxproj", "{20397293-8C4B-49D2-B5ED-2E66709347DD}"
EndProject
Project("{8BC9CEB8-8B4A-11D0-8D11-00A0C91BC942}") = "day5", "day5\day5.vcxproj", "{CA28A24C-341D-4D7B-8F31-CC8282201AB9}"
EndProject
Project("{8BC9CEB8-8B4A-11D0-8D11-00A0C91BC942}") = "day6", "day6\day6.vcxproj", "{40E9849F-F330-4351-A98F-7D6DF84B6104}"
EndProject
Project("{8BC9CEB8-8B4A-11D0-8D11-00A0C91BC942}") = "day7", "day7\day7.vcxproj", "{DB771DB8-EB54-4494-8955-BE1E7510F652}"
EndProject
Project("{8BC9CEB8-8B4A-11D0-8D11-00A0C91BC942}") = "day8", "day8\day8.vcxproj", "{69490733-544A-423E-A15B-B7B6FA1C91E2}"
EndProject
Project("{8BC9CEB8-8B4A-11D0-8D11-00A0C91BC942}") = "day9", "day9\day9.vcxproj", "{81B8888E-77C7-44CE-8A54-512365F910D9}"
EndProject
Global
	GlobalSection(SolutionConfigurationPlatforms) = preSolution
		Debug|x64 = Debug|x64
		Debug|x86 = Debug|x86
		Release|x64 = Release|x64
		Release|x86 = Release|x86
	EndGlobalSection
	GlobalSection(ProjectConfigurationPlatforms) = postSolution
		{35580254-E31C-4752-83EB-E815EE46828A}.Debug|x64.ActiveCfg = Debug|x64
		{35580254-E31C-4752-83EB-E815EE46828A}.Debug|x64.Build.0 = Debug|x64
		{35580254-E31C-4752-83EB-E815EE46828A}.Debug|x86.ActiveCfg = Debug|Win32
		{35580254-E31C-4752-83EB-E815EE46828A}.Debug|x86.Build.0 = Debug|Win32
		{35580254-E31C-4752-83EB-E815EE46828A}.Release|x64.ActiveCfg = Release|x64
		{35580254-E31C-4752-83EB-E815EE46828A}.Release|x64.Build.0 = Release|x64
		{35580254-E31C-4752-83EB-E815EE46828A}.Release|x86.ActiveCfg = Release|Win32
		{35580254-E31C-4752-83EB-E815EE46828A}.Release|x86.Build.0 = Release|Win32
		{63B1C3B5-EFA7-4CD8-ADE3-AF661BD92DF7}.Debug|x64.ActiveCfg = Debug|x64
		{63B1C3B5-EFA7-4CD8-ADE3-AF661BD92DF7}.Debug|x64.Build.0 = Debug|x64
		{63B1C3B5-EFA7-4CD8-ADE3-AF661BD92DF7}.Debug|x86.ActiveCfg = Debug|Win32
		{63B1C3B5-EFA7-4CD8-ADE3-AF661BD92DF7}.Debug|x86.Build.0 = Debug|Win32
		{63B1C3B5-EFA7-4CD8-ADE3-AF661BD92DF7}.Release|x64.ActiveCfg = Release|x64
		{63B1C3B5-EFA7-4CD8-ADE3-AF661BD92DF7}.Release|x64.Build.0 = Release|x64
		{63B1C3B5-EFA7-4CD8-ADE3-AF661BD92DF7}.Release|x86.ActiveCfg = Release|Win32
		{63B1C3B5-EFA7-4CD8-ADE3-AF661BD92DF7}.Release|x86.Build.0 = Release|Win32
		{8346510D-4E50-4C9E-887C-B9C69183E78F}.Debug|x64.ActiveCfg = Debug|x64
		{8346510D-4E50-4C9E-887C-B9C69183E78F}.Debug|x64.Build.0 = Debug|x64
		{8346510D-4E50-4C9E-887C-B9C69183E78F}.Debug|x86.ActiveCfg = Debug|Win32
		{8346510D-4E50-4C9E-887C-B9C69183E78F}.Debug|x86.Build.0 = Debug|Win32
		{8346510D-4E50-4C9E-887C-B9C69183E78F}.Release|x64.ActiveCfg = Release|x64
		{8346510D-4E50-4C9E-887C-B9C69183E78F}.Release|x64.Build.0 = Release|x64
		{8346510D-4E50-4C9E-887C-B9C69183E78F}.Release|x86.ActiveCfg = Release|Win32
		{8346510D-4E50-4C9E-887C-B9C69183E78F}.Release|x86.Build.0 = Release|Win32
		{511E2406-46E7-4286-B2EE-7CE3BA00FAE4}.Debug|x64.ActiveCfg = Debug|x64
		{511E2406-46E7-4286-B2EE-7CE3BA00FAE4}.Debug|x64.Build.0 = Debug|x64
		{511E2406-46E7-4286-B2EE-7CE3BA00FAE4}.Debug|x86.ActiveCfg = Debug|Win32
		{511E2406-46E7-4286-B2EE-7CE3BA00FAE4}.Debug|x86.Build.0 = Debug|Win32
		{511E2406-46E7-4286-B2EE-7CE3BA00FAE4}.Release|x64.ActiveCfg = Release|x64
		{511E2406-46E7-4286-B2EE-7CE3BA00FAE4}.Release|x64.Build.0 = Release|x64
		{511E2406-46E7-4286-B2EE-7CE3BA00FAE4}.Release|x86.ActiveCfg = Release|Win32
		{511E2406-46E7-4286-B2EE-7CE3BA00FAE4}.Release|x86.Build.0 = Release|Win32
		{20397293-8C4B-49D2-B5ED-2E66709347DD}.Debug|x64.ActiveCfg = Debug|x64
		{20397293-8C4B-49D2-B5ED-2E66709347DD}.Debug|x64.Build.0 = Debug|x64
		{20397293-8C4B-49D2-B5ED-2E66709347DD}.Debug|x86.ActiveCfg = Debug|Win32
		{20397293-8C4B-49D2-B5ED-2E66709347DD}.Debug|x86.Build.0 = Debug|Win32
		{20397293-8C4B-49D2-B5ED-2E66709347DD}.Release|x64.ActiveCfg = Release|x64
		{20397293-8C4B-49D2-B5ED-2E66709347DD}.Release|x64.Build.0 = Release|x64
		{20397293-8C4B-49D2-B5ED-2E66709347DD}.Release|x86.ActiveCfg = Release|Win32
		{20397293-8C4B-49D2-B5ED-2E66709347DD}.Release|x86.Build.0 = Release|Win32
		{CA28A24C-341D-4D7B-8F31-CC8282201AB9}.Debug|x64.ActiveCfg = Debug|x64
		{CA28A24C-341D-4D7B-8F31-CC8282201AB9}.Debug|x64.Build.0 = Debug|x64
		{CA28A24C-341D-4D7B-8F31-CC8282201AB9}.Debug|x86.ActiveCfg = Debug|Win32
		{CA28A24C-341D-4D7B-8F31-CC8282201AB9}.Debug|x86.Build.0 = Debug|Win32
		{CA28A24C-341D-4D7B-8F31-CC8282201AB9}.Release|x64.ActiveCfg = Release|x64
		{CA28A24C-341D-4D7B-8F31-CC8282201AB9}.Release|x64.Build.0 = Release|x64
		{CA28A24C-341D-4D7B-8F31-CC8282201AB9}.Release|x86.ActiveCfg = Release|Win32
		{CA28A24C-341D-4D7B-8F31-CC8282201AB9}.Release|x86.Build.0 = Release|Win32
		{40E9849F-F330-4351-A98F-7D6DF84B6104}.Debug|x64.ActiveCfg = Debug|x64
		{40E9849F-F330-4351-A98F-7D6DF84B6104}.Debug|x64.Build.0 = Debug|x64
		{40E9849F-F330-4351-A98F-7D6DF84B6104}.Debug|x86.ActiveCfg = Debug|Win32
		{40E9849F-F330-4351-A98F-7D6DF84B6104}.Debug|x86.Build.0 = Debug|Win32
		{40E9849F-F330-4351-A98F-7D6DF84B6104}.Release|x64.ActiveCfg = Release|x64
		{40E9849F-F330-4351-A98F-7D6DF84B6104}.Release|x64.Build.0 = Release|x64
		{40E9849F-F330-4351-A98F-7D6DF84B6104}.Release|x86.ActiveCfg = Release|Win32
		{40E9849F-F330-4351-A98F-7D6DF84B6104}.Release|x86.Build.0 = Release|Win32
		{DB771DB8-EB54-4494-8955-BE1E7510F652}.Debug|x64.ActiveCfg = Debug|x64
		{DB771DB8-EB54-4494-8955-BE1E7510F652}.Debug|x64.Build.0 = Debug|x64
		{DB771DB8-EB54-4494-8955-BE1E7510F652}.Debug|x86.ActiveCfg = Debug|Win32
		{DB771DB8-EB54-4494-8955-BE1E7510F652}.Debug|x86.Build.0 = Debug|Win32
		{DB771DB8-EB54-4494-8955-BE1E7510F652}.Release|x64.ActiveCfg = Release|x64
		{DB771DB8-EB54-4494-8955-BE1E7510F652}.Release|x64.Build.0 = Release|x64
		{DB771DB8-EB54-4494-8955-BE1E7510F652}.Release|x86.ActiveCfg = Release|Win32
		{DB771DB8-EB54-4494-8955-BE1E7510F652}.Release|x86.Build.0 = Release|Win32
		{69490733-544A-423E-A15B-B7B6FA1C91E2}.Debug|x64.ActiveCfg = Debug|x64
		{69490733-544A-423E-A15B-B7B6FA1C91E2}.Debug|x64.Build.0 = Debug|x64
		{69490733-544A-423E-A15B-B7B6FA1C91E2}.Debug|x86.ActiveCfg = Debug|Win32
		{69490733-544A-423E-A15B-B7B6FA1C91E2}.Debug|x86.Build.0 = Debug|Win32
		{69490733-544A-423E-A15B-B7B6FA1C91E2}.Release|x64.ActiveCfg = Release|x64
		{69490733-544A-423E-A15B-B7B6FA1C91E2}.Release|x64.Build.0 = Release|x64
		{69490733-544A-423E-A15B-B7B6FA1C91E2}.Release|x86.ActiveCfg = Release|Win32
		{69490733-544A-423E-A15B-B7B6FA1C91E2}.Release|x86.Build.0 = Release|Win32
		{81B8888E-77C7-44CE-8A54-512365F910D9}.Debug|x64.ActiveCfg = Debug|x64
		{81B8888E-77C7-44CE-8A54-512365F910D9}.Debug|x64.Build.0 = Debug|x64
		{81B8888E-77C7-44CE-8A54-512365F910D9}.Debug|x86.ActiveCfg = Debug|Win32
		{81B8888E-77C7-44CE-8A54-512365F910D9}.Debug|x86.Build.0 = Debug|Win32
		{81B8888E-77C7-44CE-8A54-512365F910D9}.Release|x64.ActiveCfg = Release|x64
		{81B8888E-77C7-44CE-8A54-512365F910D9}.Release|x64.Build.0 = Release|x64
		{81B8888E-77C7-44CE-8A54-512365F910D9}.Release|x86.ActiveCfg = Release|Win32
		{81B8888E-77C7-44CE-8A54-512365F910D9}.Release|x86.Build.0 = Release|Win32
	EndGlobalSection
	GlobalSection(SolutionProperties) = preSolution
		HideSolutionNode = FALSE
	EndGlobalSection
	GlobalSection(ExtensibilityGlobals) = postSolution
		SolutionGuid = {AF29604D-C764-442B-A8DB-3330551AD3AA}
	EndGlobalSection
EndGlobal
